
Microsoft Visual Studio Solution File, Format Version 12.00
# Visual Studio Version 16
VisualStudioVersion = 16.0.31911.196
MinimumVisualStudioVersion = 10.0.40219.1
Project("{9A19103F-16F7-4668-BE54-9A1E7A4F7556}") = "WpfAtom", "WpfAtom\WpfAtom.csproj", "{11E67A70-432A-436B-8546-FCE05EF9CFD5}"
EndProject
Project("{FAE04EC0-301F-11D3-BF4B-00C04F79EFBC}") = "ClassLibrary", "ClassLibrary\ClassLibrary.csproj", "{2DB5DDDA-6F0A-409B-9334-6E7C3C7D3CF9}"
EndProject
Global
	GlobalSection(SolutionConfigurationPlatforms) = preSolution
		Debug|Any CPU = Debug|Any CPU
		Release|Any CPU = Release|Any CPU
	EndGlobalSection
	GlobalSection(ProjectConfigurationPlatforms) = postSolution
		{11E67A70-432A-436B-8546-FCE05EF9CFD5}.Debug|Any CPU.ActiveCfg = Debug|Any CPU
		{11E67A70-432A-436B-8546-FCE05EF9CFD5}.Debug|Any CPU.Build.0 = Debug|Any CPU
		{11E67A70-432A-436B-8546-FCE05EF9CFD5}.Release|Any CPU.ActiveCfg = Release|Any CPU
		{11E67A70-432A-436B-8546-FCE05EF9CFD5}.Release|Any CPU.Build.0 = Release|Any CPU
		{2DB5DDDA-6F0A-409B-9334-6E7C3C7D3CF9}.Debug|Any CPU.ActiveCfg = Debug|Any CPU
		{2DB5DDDA-6F0A-409B-9334-6E7C3C7D3CF9}.Debug|Any CPU.Build.0 = Debug|Any CPU
		{2DB5DDDA-6F0A-409B-9334-6E7C3C7D3CF9}.Release|Any CPU.ActiveCfg = Release|Any CPU
		{2DB5DDDA-6F0A-409B-9334-6E7C3C7D3CF9}.Release|Any CPU.Build.0 = Release|Any CPU
	EndGlobalSection
	GlobalSection(SolutionProperties) = preSolution
		HideSolutionNode = FALSE
	EndGlobalSection
	GlobalSection(ExtensibilityGlobals) = postSolution
		SolutionGuid = {63BE85C8-63E3-4173-A2B3-92E7D24CA568}
	EndGlobalSection
EndGlobal
